{"version":4,"terraform_version":"1.10.0","serial":6,"lineage":"52571fe9-72bd-f695-a60d-6183418b758d","outputs":{},"resources":[{"mode":"managed","type":"apisix_upstream","name":"basic","provider":"provider[\"registry.opentofu.org/scicore/apisix\"]","instances":[{"schema_version":0,"attributes":{"desc":"Basic test upstream with single node","discovery_args":null,"discovery_type":"","hash_on":"vars","health_check":null,"id":"test-upstream-basic","keepalive_pool":[],"key":"","labels":{"env":"test","team":"platform"},"name":"test-upstream-basic","nodes":[{"host":"127.0.0.1","metadata":{},"port":8080,"priority":0,"weight":100}],"pass_host":"pass","retries":0,"retry_timeout":0,"scheme":"http","service_name":"","timeout":[],"tls":[],"type":"roundrobin","upstream_host":""},"sensitive_attributes":[],"private":"eyJzY2hlbWFfdmVyc2lvbiI6IjAifQ=="}]},{"mode":"managed","type":"apisix_upstream","name":"complex","provider":"provider[\"registry.opentofu.org/scicore/apisix\"]","instances":[{"schema_version":0,"attributes":{"desc":"Complex upstream with all supported fields","discovery_args":null,"discovery_type":"","hash_on":"vars","health_check":"{\"active\":{\"concurrency\":10,\"healthy\":{\"http_statuses\":[200,302],\"interval\":3,\"successes\":2},\"http_path\":\"/health\",\"interval\":5,\"timeout\":3,\"type\":\"http\",\"unhealthy\":{\"http_failures\":3,\"http_statuses\":[429,500,502,503,504],\"interval\":3,\"tcp_failures\":2,\"timeouts\":3}},\"passive\":{\"healthy\":{\"http_statuses\":[200,201,202,301,302],\"successes\":5},\"type\":\"http\",\"unhealthy\":{\"http_failures\":5,\"http_statuses\":[429,500,503],\"tcp_failures\":2,\"timeouts\":7}}}","id":"test-upstream-complex","keepalive_pool":[{"idle_timeout":60,"requests":1000,"size":320}],"key":"remote_addr","labels":{"complexity":"high","env":"test","purpose":"acceptance-test","team":"platform"},"name":"test-upstream-complex","nodes":[{"host":"127.0.0.1","metadata":{},"port":9080,"priority":0,"weight":100},{"host":"127.0.0.1","metadata":{},"port":9081,"priority":1,"weight":50}],"pass_host":"pass","retries":2,"retry_timeout":5,"scheme":"http","service_name":"","timeout":[{"connect":3,"read":10,"send":5}],"tls":[],"type":"chash","upstream_host":""},"sensitive_attributes":[],"private":"bnVsbA=="}]},{"mode":"managed","type":"apisix_upstream","name":"medium","provider":"provider[\"registry.opentofu.org/scicore/apisix\"]","instances":[{"schema_version":0,"attributes":{"desc":"Medium complexity upstream with multiple nodes and timeouts","discovery_args":null,"discovery_type":"","hash_on":"vars","health_check":null,"id":"test-upstream-medium","keepalive_pool":[],"key":"","labels":{"complexity":"medium","env":"test","team":"platform"},"name":"test-upstream-medium","nodes":[{"host":"127.0.0.1","metadata":{},"port":8080,"priority":0,"weight":100},{"host":"127.0.0.1","metadata":{},"port":8081,"priority":1,"weight":50}],"pass_host":"pass","retries":3,"retry_timeout":10,"scheme":"http","service_name":"","timeout":[{"connect":5,"read":15,"send":10}],"tls":[],"type":"roundrobin","upstream_host":""},"sensitive_attributes":[],"private":"bnVsbA=="}]}],"check_results":null}
