{"version":4,"terraform_version":"1.10.0","serial":13,"lineage":"73b0aece-bb95-a642-b75c-fb5d0698a08e","outputs":{},"resources":[{"mode":"managed","type":"apisix_consumer_group","name":"basic","provider":"provider[\"registry.opentofu.org/scicore/apisix\"]","instances":[{"schema_version":0,"attributes":{"desc":"Basic consumer group for testing","group_id":"test-group-basic","id":"test-group-basic","labels":{},"name":"","plugins":{"limit-count":"{\"count\":10000,\"rejected_code\":429,\"time_window\":60}"}},"sensitive_attributes":[],"private":"eyJzY2hlbWFfdmVyc2lvbiI6IjAifQ=="}]},{"mode":"managed","type":"apisix_consumer_group","name":"consumer_test","provider":"provider[\"registry.opentofu.org/scicore/apisix\"]","instances":[{"schema_version":0,"attributes":{"desc":"Consumer group for testing consumer group_id","group_id":"test-group-consumer","id":"test-group-consumer","labels":{},"name":"","plugins":{"limit-count":"{\"count\":100,\"rejected_code\":429,\"time_window\":60}"}},"sensitive_attributes":[],"private":"bnVsbA=="}]},{"mode":"managed","type":"apisix_consumer_group","name":"multi_plugins","provider":"provider[\"registry.opentofu.org/scicore/apisix\"]","instances":[{"schema_version":0,"attributes":{"desc":"Consumer group with multiple plugins","group_id":"test-group-multi-plugins","id":"test-group-multi-plugins","labels":{},"name":"","plugins":{"cors":"{\"allow_headers\":\"*\",\"allow_methods\":\"*\",\"allow_origins\":\"*\"}","limit-count":"{\"count\":500,\"rejected_code\":503,\"time_window\":60}"}},"sensitive_attributes":[],"private":"eyJzY2hlbWFfdmVyc2lvbiI6IjAifQ=="}]},{"mode":"managed","type":"apisix_consumer_group","name":"with_labels","provider":"provider[\"registry.opentofu.org/scicore/apisix\"]","instances":[{"schema_version":0,"attributes":{"desc":"Consumer group with labels","group_id":"test-group-labels","id":"test-group-labels","labels":{"env":"production","managed-by":"terraform","team":"platform"},"name":"","plugins":{"limit-count":"{\"count\":1000,\"rejected_code\":429,\"time_window\":60}"}},"sensitive_attributes":[],"private":"eyJzY2hlbWFfdmVyc2lvbiI6IjAifQ=="}]},{"mode":"managed","type":"apisix_consumer_group","name":"with_name","provider":"provider[\"registry.opentofu.org/scicore/apisix\"]","instances":[{"schema_version":0,"attributes":{"desc":"Consumer group with name field","group_id":"test-group-with-name","id":"test-group-with-name","labels":{},"name":"Premium Tier Group","plugins":{"limit-count":"{\"count\":5000,\"rejected_code\":429,\"time_window\":60}"}},"sensitive_attributes":[],"private":"eyJzY2hlbWFfdmVyc2lvbiI6IjAifQ=="}]},{"mode":"managed","type":"apisix_consumer_group","name":"with_plugins","provider":"provider[\"registry.opentofu.org/scicore/apisix\"]","instances":[{"schema_version":0,"attributes":{"desc":"Consumer group with rate limiting plugins","group_id":"test-group-with-plugins","id":"test-group-with-plugins","labels":{},"name":"","plugins":{"limit-count":"{\"count\":1000,\"key\":\"remote_addr\",\"rejected_code\":429,\"time_window\":60}"}},"sensitive_attributes":[],"private":"eyJzY2hlbWFfdmVyc2lvbiI6IjAifQ=="}]}],"check_results":null}
