{"version":4,"terraform_version":"1.10.0","serial":14,"lineage":"9def963f-92f7-aecc-7d90-4cb5ba42ce53","outputs":{},"resources":[{"mode":"managed","type":"apisix_consumer","name":"basic","provider":"provider[\"registry.opentofu.org/scicore/apisix\"]","instances":[{"schema_version":0,"attributes":{"desc":"Basic consumer for testing","id":"test-consumer-basic","labels":{},"plugins":null,"username":"test-consumer-basic"},"sensitive_attributes":[],"private":"eyJzY2hlbWFfdmVyc2lvbiI6IjAifQ=="}]},{"mode":"managed","type":"apisix_consumer","name":"hmac_auth","provider":"provider[\"registry.opentofu.org/scicore/apisix\"]","instances":[{"schema_version":0,"attributes":{"desc":"Consumer with hmac-auth plugin","id":"test-consumer-hmac-auth","labels":{},"plugins":{"hmac-auth":"{\"algorithm\":\"hmac-sha512\",\"clock_skew\":300,\"encoded_header\":\"false\",\"keep_headers\":\"false\",\"key_id\":\"hmac-key-id\",\"secret_key\":\"hmac-secret-key-12345678\"}"},"username":"test-consumer-hmac-auth"},"sensitive_attributes":[],"private":"bnVsbA=="}]},{"mode":"managed","type":"apisix_consumer","name":"jwt_auth","provider":"provider[\"registry.opentofu.org/scicore/apisix\"]","instances":[{"schema_version":0,"attributes":{"desc":"Consumer with jwt-auth plugin","id":"test-consumer-jwt-auth","labels":{},"plugins":{"jwt-auth":"{\"algorithm\":\"HS256\",\"key\":\"jwt-test-key\",\"secret\":\"my-secret-key-12345678\"}"},"username":"test-consumer-jwt-auth"},"sensitive_attributes":[],"private":"eyJzY2hlbWFfdmVyc2lvbiI6IjAifQ=="}]},{"mode":"managed","type":"apisix_consumer","name":"key_auth","provider":"provider[\"registry.opentofu.org/scicore/apisix\"]","instances":[{"schema_version":0,"attributes":{"desc":"Consumer with key-auth plugin","id":"test-consumer-key-auth","labels":{},"plugins":{"key-auth":"{\"key\":\"test-key-12345\"}"},"username":"test-consumer-key-auth"},"sensitive_attributes":[],"private":"eyJzY2hlbWFfdmVyc2lvbiI6IjAifQ=="}]},{"mode":"managed","type":"apisix_consumer","name":"with_labels","provider":"provider[\"registry.opentofu.org/scicore/apisix\"]","instances":[{"schema_version":0,"attributes":{"desc":"Consumer with labels","id":"test-consumer-labels","labels":{"env":"production","managed-by":"terraform","team":"platform"},"plugins":null,"username":"test-consumer-labels"},"sensitive_attributes":[],"private":"bnVsbA=="}]}],"check_results":null}
