{"version":4,"terraform_version":"1.10.0","serial":11,"lineage":"224fb33c-3897-e22c-3791-4d20330e5ece","outputs":{},"resources":[{"mode":"managed","type":"apisix_consumer","name":"basic","provider":"provider[\"registry.opentofu.org/scicore/apisix\"]","instances":[{"schema_version":0,"attributes":{"desc":"Basic consumer for testing","group_id":"","id":"test-consumer-basic","labels":{},"plugins":null,"username":"test-consumer-basic"},"sensitive_attributes":[],"private":"eyJzY2hlbWFfdmVyc2lvbiI6IjAifQ=="}]},{"mode":"managed","type":"apisix_consumer","name":"hmac_auth","provider":"provider[\"registry.opentofu.org/scicore/apisix\"]","instances":[{"schema_version":0,"attributes":{"desc":"Consumer with hmac-auth plugin","group_id":"","id":"test-consumer-hmac-auth","labels":{},"plugins":{"hmac-auth":"{\"algorithm\":\"hmac-sha512\",\"clock_skew\":300,\"encoded_header\":\"false\",\"keep_headers\":\"false\",\"key_id\":\"hmac-key-id\",\"secret_key\":\"hmac-secret-key-12345678\"}"},"username":"test-consumer-hmac-auth"},"sensitive_attributes":[],"private":"bnVsbA=="}]},{"mode":"managed","type":"apisix_consumer","name":"jwt_auth","provider":"provider[\"registry.opentofu.org/scicore/apisix\"]","instances":[{"schema_version":0,"attributes":{"desc":"Consumer with jwt-auth plugin","group_id":"","id":"test-consumer-jwt-auth","labels":{},"plugins":{"jwt-auth":"{\"algorithm\":\"HS256\",\"key\":\"jwt-test-key\",\"secret\":\"my-secret-key-12345678\"}"},"username":"test-consumer-jwt-auth"},"sensitive_attributes":[],"private":"eyJzY2hlbWFfdmVyc2lvbiI6IjAifQ=="}]},{"mode":"managed","type":"apisix_consumer","name":"key_auth","provider":"provider[\"registry.opentofu.org/scicore/apisix\"]","instances":[{"schema_version":0,"attributes":{"desc":"Consumer with key-auth plugin","group_id":"","id":"test-consumer-key-auth","labels":{},"plugins":{"key-auth":"{\"key\":\"test-key-12345\"}"},"username":"test-consumer-key-auth"},"sensitive_attributes":[],"private":"eyJzY2hlbWFfdmVyc2lvbiI6IjAifQ=="}]},{"mode":"managed","type":"apisix_consumer","name":"with_group","provider":"provider[\"registry.opentofu.org/scicore/apisix\"]","instances":[{"schema_version":0,"attributes":{"desc":"Consumer with group_id","group_id":"test-consumer-group","id":"test-consumer-with-group","labels":{},"plugins":{"key-auth":"{\"key\":\"grouped-consumer-key\"}"},"username":"test-consumer-with-group"},"sensitive_attributes":[],"private":"bnVsbA==","dependencies":["apisix_consumer_group.test_group"]}]},{"mode":"managed","type":"apisix_consumer","name":"with_labels","provider":"provider[\"registry.opentofu.org/scicore/apisix\"]","instances":[{"schema_version":0,"attributes":{"desc":"Consumer with labels","group_id":"","id":"test-consumer-labels","labels":{"env":"production","managed-by":"terraform","team":"platform"},"plugins":null,"username":"test-consumer-labels"},"sensitive_attributes":[],"private":"eyJzY2hlbWFfdmVyc2lvbiI6IjAifQ=="}]},{"mode":"managed","type":"apisix_consumer_group","name":"test_group","provider":"provider[\"registry.opentofu.org/scicore/apisix\"]","instances":[{"schema_version":0,"attributes":{"desc":"Test consumer group for consumer testing","group_id":"test-consumer-group","id":"test-consumer-group","labels":{},"name":"","plugins":{"limit-count":"{\"count\":100,\"rejected_code\":429,\"time_window\":60}"}},"sensitive_attributes":[],"private":"bnVsbA=="}]}],"check_results":null}
