{"version":4,"terraform_version":"1.10.0","serial":34,"lineage":"cd5920df-d928-e129-b8e6-a8aa1a052a37","outputs":{},"resources":[{"mode":"managed","type":"apisix_service","name":"basic","provider":"provider[\"registry.opentofu.org/scicore/apisix\"]","instances":[{"schema_version":0,"attributes":{"desc":"Basic service for testing","enable_websocket":false,"hosts":[],"id":"basic-service","labels":{},"name":"basic-service","plugins":null,"script":null,"upstream":[],"upstream_id":"service-test-upstream"},"sensitive_attributes":[],"private":"eyJzY2hlbWFfdmVyc2lvbiI6IjAifQ==","dependencies":["apisix_upstream.test"]}]},{"mode":"managed","type":"apisix_service","name":"with_hosts","provider":"provider[\"registry.opentofu.org/scicore/apisix\"]","instances":[{"schema_version":0,"attributes":{"desc":"Service with host matching","enable_websocket":false,"hosts":["api.example.com","api.test.com"],"id":"service-with-hosts","labels":{},"name":"service-with-hosts","plugins":null,"script":null,"upstream":[],"upstream_id":"service-test-upstream"},"sensitive_attributes":[],"private":"eyJzY2hlbWFfdmVyc2lvbiI6IjAifQ==","dependencies":["apisix_upstream.test"]}]},{"mode":"managed","type":"apisix_service","name":"with_labels","provider":"provider[\"registry.opentofu.org/scicore/apisix\"]","instances":[{"schema_version":0,"attributes":{"desc":"Service with labels","enable_websocket":true,"hosts":[],"id":"service-with-labels","labels":{"env":"production","managed-by":"terraform","team":"platform"},"name":"service-with-labels","plugins":null,"script":null,"upstream":[],"upstream_id":"service-test-upstream"},"sensitive_attributes":[],"private":"bnVsbA==","dependencies":["apisix_upstream.test"]}]},{"mode":"managed","type":"apisix_service","name":"with_plugins","provider":"provider[\"registry.opentofu.org/scicore/apisix\"]","instances":[{"schema_version":0,"attributes":{"desc":"Service with plugin configuration","enable_websocket":false,"hosts":[],"id":"service-with-plugins","labels":{},"name":"service-with-plugins","plugins":{"cors":"{\"allow_methods\":\"*\",\"allow_origins\":\"*\"}","limit-count":"{\"count\":1000,\"key\":\"remote_addr\",\"rejected_code\":429,\"time_window\":60}"},"script":null,"upstream":[],"upstream_id":"service-test-upstream"},"sensitive_attributes":[],"private":"eyJzY2hlbWFfdmVyc2lvbiI6IjAifQ==","dependencies":["apisix_upstream.test"]}]},{"mode":"managed","type":"apisix_service","name":"with_upstream","provider":"provider[\"registry.opentofu.org/scicore/apisix\"]","instances":[{"schema_version":0,"attributes":{"desc":"Service with inline upstream","enable_websocket":false,"hosts":[],"id":"service-with-upstream","labels":{},"name":"service-with-upstream","plugins":null,"script":null,"upstream":[{"nodes":[{"host":"127.0.0.1","port":8080,"weight":100},{"host":"127.0.0.1","port":8081,"weight":50}],"type":"roundrobin"}],"upstream_id":""},"sensitive_attributes":[],"private":"eyJzY2hlbWFfdmVyc2lvbiI6IjAifQ=="}]},{"mode":"managed","type":"apisix_upstream","name":"test","provider":"provider[\"registry.opentofu.org/scicore/apisix\"]","instances":[{"schema_version":0,"attributes":{"desc":"","discovery_args":null,"discovery_type":"","hash_on":"vars","health_check":null,"id":"service-test-upstream","keepalive_pool":[],"key":"","labels":{},"name":"service-test-upstream","nodes":[{"host":"127.0.0.1","metadata":{},"port":8080,"priority":0,"weight":100}],"pass_host":"pass","retries":0,"retry_timeout":0,"scheme":"http","service_name":"","timeout":[],"tls":[],"type":"roundrobin","upstream_host":""},"sensitive_attributes":[],"private":"bnVsbA=="}]}],"check_results":null}
