{"version":4,"terraform_version":"1.10.0","serial":9,"lineage":"1ee30e6e-07ad-3dde-6c25-6ff8e59d2625","outputs":{},"resources":[{"mode":"managed","type":"apisix_route","name":"advanced","provider":"provider[\"registry.opentofu.org/scicore/apisix\"]","instances":[{"schema_version":0,"attributes":{"desc":"","enable_websocket":false,"filter_func":"","host":"","hosts":["api.example.com","api.test.com"],"id":"test-route-advanced","labels":{},"methods":["GET","POST"],"name":"test-route-advanced","plugin_config_id":"","plugins":{"limit-count":"{\"count\":1000,\"rejected_code\":429,\"time_window\":60}"},"priority":0,"remote_addr":"","remote_addrs":[],"script":null,"service_id":"","status":1,"timeout":[],"upstream":[],"upstream_id":"route-test-upstream","uri":"","uris":["/api/*","/v1/*"],"vars":null},"sensitive_attributes":[],"private":"eyJzY2hlbWFfdmVyc2lvbiI6IjAifQ==","dependencies":["apisix_upstream.route_test"]}]},{"mode":"managed","type":"apisix_route","name":"basic","provider":"provider[\"registry.opentofu.org/scicore/apisix\"]","instances":[{"schema_version":0,"attributes":{"desc":"","enable_websocket":false,"filter_func":"","host":"","hosts":[],"id":"test-route-basic","labels":{},"methods":[],"name":"test-route-basic","plugin_config_id":"","plugins":null,"priority":0,"remote_addr":"","remote_addrs":[],"script":null,"service_id":"","status":1,"timeout":[],"upstream":[],"upstream_id":"route-test-upstream","uri":"/api/*","uris":[],"vars":null},"sensitive_attributes":[],"private":"eyJzY2hlbWFfdmVyc2lvbiI6IjAifQ==","dependencies":["apisix_upstream.route_test"]}]},{"mode":"managed","type":"apisix_route","name":"complete","provider":"provider[\"registry.opentofu.org/scicore/apisix\"]","instances":[{"schema_version":0,"attributes":{"desc":"Complete route with all supported fields","enable_websocket":true,"filter_func":"","host":"","hosts":["complete.example.com"],"id":"test-route-complete","labels":{"complexity":"complete","env":"test","managed-by":"terraform"},"methods":["GET","POST","PUT"],"name":"test-route-complete","plugin_config_id":"","plugins":{"limit-count":"{\"count\":500,\"rejected_code\":429,\"time_window\":60}"},"priority":100,"remote_addr":"","remote_addrs":["10.0.0.0/8"],"script":null,"service_id":"","status":1,"timeout":[{"connect":5,"read":15,"send":10}],"upstream":[{"nodes":[{"host":"127.0.0.1","port":8080,"weight":100}],"type":"roundrobin"}],"upstream_id":"","uri":"","uris":["/complete/*"],"vars":null},"sensitive_attributes":[],"private":"bnVsbA=="}]},{"mode":"managed","type":"apisix_route","name":"with_script","provider":"provider[\"registry.opentofu.org/scicore/apisix\"]","instances":[{"schema_version":0,"attributes":{"desc":"Route with custom Lua script","enable_websocket":false,"filter_func":"","host":"","hosts":[],"id":"test-route-with-script","labels":{},"methods":[],"name":"test-route-with-script","plugin_config_id":"","plugins":null,"priority":0,"remote_addr":"","remote_addrs":[],"script":"local _M = {}\nfunction _M.access(conf, ctx)\n    ngx.header[\"X-Custom-Route\"] = \"ScriptRoute\"\n    ngx.header[\"X-Request-ID\"] = ngx.request_id()\nend\nreturn _M\n","service_id":"","status":1,"timeout":[],"upstream":[],"upstream_id":"route-test-upstream","uri":"/script/*","uris":[],"vars":null},"sensitive_attributes":[],"private":"bnVsbA==","dependencies":["apisix_upstream.route_test"]}]},{"mode":"managed","type":"apisix_route","name":"with_vars","provider":"provider[\"registry.opentofu.org/scicore/apisix\"]","instances":[{"schema_version":0,"attributes":{"desc":"","enable_websocket":false,"filter_func":"","host":"","hosts":[],"id":"test-route-with-vars","labels":{},"methods":[],"name":"test-route-with-vars","plugin_config_id":"","plugins":null,"priority":10,"remote_addr":"","remote_addrs":[],"script":null,"service_id":"","status":1,"timeout":[],"upstream":[],"upstream_id":"route-test-upstream","uri":"/admin/*","uris":[],"vars":"[[\"http_method\",\"==\",\"GET\"],[\"remote_addr\",\"in\",[\"127.0.0.1\",\"10.0.0.1\"]]]"},"sensitive_attributes":[],"private":"bnVsbA==","dependencies":["apisix_upstream.route_test"]}]},{"mode":"managed","type":"apisix_upstream","name":"route_test","provider":"provider[\"registry.opentofu.org/scicore/apisix\"]","instances":[{"schema_version":0,"attributes":{"desc":"","discovery_args":null,"discovery_type":"","hash_on":"vars","health_check":null,"id":"route-test-upstream","keepalive_pool":[],"key":"","labels":{"test":"route"},"name":"route-test-upstream","nodes":[{"host":"127.0.0.1","metadata":{},"port":8080,"priority":0,"weight":100}],"pass_host":"pass","retries":0,"retry_timeout":0,"scheme":"http","service_name":"","timeout":[],"tls":[],"type":"roundrobin","upstream_host":""},"sensitive_attributes":[],"private":"bnVsbA=="}]}],"check_results":null}
