{"version":4,"terraform_version":"1.10.0","serial":19,"lineage":"35021e22-4460-7e77-b75f-d64f78523805","outputs":{},"resources":[{"mode":"managed","type":"apisix_route","name":"advanced","provider":"provider[\"registry.opentofu.org/scicore/apisix\"]","instances":[{"schema_version":0,"attributes":{"desc":"","enable_websocket":false,"filter_func":"","host":"","hosts":["api.example.com","api.test.com"],"id":"test-route-advanced","labels":null,"methods":["GET","POST"],"name":"test-route-advanced","plugin_config_id":"","plugins":{"limit-count":"{\"count\":1000,\"rejected_code\":429,\"time_window\":60}"},"priority":0,"remote_addr":"","remote_addrs":null,"script":null,"service_id":"","status":1,"timeout":[],"upstream":[],"upstream_id":"route-test-upstream","uri":"","uris":["/api/*","/v1/*"],"vars":null},"sensitive_attributes":[],"private":"bnVsbA==","dependencies":["apisix_upstream.route_test"]}]},{"mode":"managed","type":"apisix_route","name":"basic","provider":"provider[\"registry.opentofu.org/scicore/apisix\"]","instances":[{"schema_version":0,"attributes":{"desc":"","enable_websocket":false,"filter_func":"","host":"","hosts":null,"id":"test-route-basic","labels":null,"methods":null,"name":"test-route-basic","plugin_config_id":"","plugins":null,"priority":0,"remote_addr":"","remote_addrs":null,"script":null,"service_id":"","status":1,"timeout":[],"upstream":[],"upstream_id":"route-test-upstream","uri":"/api/*","uris":null,"vars":null},"sensitive_attributes":[],"private":"bnVsbA==","dependencies":["apisix_upstream.route_test"]}]},{"mode":"managed","type":"apisix_route","name":"with_vars","provider":"provider[\"registry.opentofu.org/scicore/apisix\"]","instances":[{"schema_version":0,"attributes":{"desc":"","enable_websocket":false,"filter_func":"","host":"","hosts":null,"id":"test-route-with-vars","labels":null,"methods":null,"name":"test-route-with-vars","plugin_config_id":"","plugins":null,"priority":10,"remote_addr":"","remote_addrs":null,"script":null,"service_id":"","status":1,"timeout":[],"upstream":[],"upstream_id":"route-test-upstream","uri":"/admin/*","uris":null,"vars":"[[\"http_method\",\"==\",\"GET\"],[\"remote_addr\",\"in\",[\"127.0.0.1\",\"10.0.0.1\"]]]"},"sensitive_attributes":[],"private":"bnVsbA==","dependencies":["apisix_upstream.route_test"]}]},{"mode":"managed","type":"apisix_upstream","name":"route_test","provider":"provider[\"registry.opentofu.org/scicore/apisix\"]","instances":[{"schema_version":0,"attributes":{"desc":"","discovery_args":null,"discovery_type":"","hash_on":"vars","health_check":null,"id":"route-test-upstream","keepalive_pool":[],"key":"","labels":{"test":"route"},"name":"route-test-upstream","nodes":[{"host":"127.0.0.1","metadata":null,"port":8080,"priority":0,"weight":100}],"pass_host":"pass","retries":0,"retry_timeout":0,"scheme":"http","service_name":"","timeout":[],"tls":[],"type":"roundrobin","upstream_host":""},"sensitive_attributes":[],"private":"bnVsbA=="}]}],"check_results":null}
