{"version":4,"terraform_version":"1.10.0","serial":23,"lineage":"d01a394a-b286-8105-4a6c-abfaa57ad608","outputs":{},"resources":[{"mode":"managed","type":"apisix_plugin_config","name":"basic","provider":"provider[\"registry.opentofu.org/scicore/apisix\"]","instances":[{"schema_version":0,"attributes":{"config_id":"test-pc-basic","desc":"Basic plugin config for testing","id":"test-pc-basic","labels":{},"plugins":{"limit-count":"{\"count\":1000,\"rejected_code\":429,\"time_window\":60}"}},"sensitive_attributes":[],"private":"eyJzY2hlbWFfdmVyc2lvbiI6IjAifQ=="}]},{"mode":"managed","type":"apisix_plugin_config","name":"multi_plugins","provider":"provider[\"registry.opentofu.org/scicore/apisix\"]","instances":[{"schema_version":0,"attributes":{"config_id":"test-pc-multi","desc":"Plugin config with multiple plugins","id":"test-pc-multi","labels":{},"plugins":{"cors":"{\"allow_methods\":\"*\",\"allow_origins\":\"*\"}","limit-count":"{\"count\":500,\"rejected_code\":503,\"time_window\":60}"}},"sensitive_attributes":[],"private":"eyJzY2hlbWFfdmVyc2lvbiI6IjAifQ=="}]},{"mode":"managed","type":"apisix_plugin_config","name":"route_integration","provider":"provider[\"registry.opentofu.org/scicore/apisix\"]","instances":[{"schema_version":0,"attributes":{"config_id":"test-pc-route","desc":"Plugin config for route integration","id":"test-pc-route","labels":{},"plugins":{"limit-count":"{\"count\":100,\"rejected_code\":429,\"time_window\":60}"}},"sensitive_attributes":[],"private":"bnVsbA=="}]},{"mode":"managed","type":"apisix_plugin_config","name":"with_labels","provider":"provider[\"registry.opentofu.org/scicore/apisix\"]","instances":[{"schema_version":0,"attributes":{"config_id":"test-pc-labels","desc":"Plugin config with labels","id":"test-pc-labels","labels":{"env":"production","managed-by":"terraform","team":"platform"},"plugins":{"limit-count":"{\"count\":2000,\"rejected_code\":429,\"time_window\":60}"}},"sensitive_attributes":[],"private":"eyJzY2hlbWFfdmVyc2lvbiI6IjAifQ=="}]},{"mode":"managed","type":"apisix_route","name":"with_plugin_config","provider":"provider[\"registry.opentofu.org/scicore/apisix\"]","instances":[{"schema_version":0,"attributes":{"desc":"","enable_websocket":false,"filter_func":"","host":"","hosts":[],"id":"test-route-with-pc","labels":{},"methods":[],"name":"test-route-with-pc","plugin_config_id":"test-pc-route","plugins":null,"priority":0,"remote_addr":"","remote_addrs":[],"script":null,"service_id":"","status":1,"timeout":[],"upstream":[],"upstream_id":"test-pc-upstream","uri":"/pc-test/*","uris":[],"vars":null},"sensitive_attributes":[],"private":"bnVsbA==","dependencies":["apisix_plugin_config.route_integration","apisix_upstream.test"]}]},{"mode":"managed","type":"apisix_upstream","name":"test","provider":"provider[\"registry.opentofu.org/scicore/apisix\"]","instances":[{"schema_version":0,"attributes":{"desc":"","discovery_args":null,"discovery_type":"","hash_on":"vars","health_check":null,"id":"test-pc-upstream","keepalive_pool":[],"key":"","labels":{},"name":"test-pc-upstream","nodes":[{"host":"127.0.0.1","metadata":{},"port":8080,"priority":0,"weight":100}],"pass_host":"pass","retries":0,"retry_timeout":0,"scheme":"http","service_name":"","timeout":[],"tls":[],"type":"roundrobin","upstream_host":""},"sensitive_attributes":[],"private":"bnVsbA=="}]}],"check_results":null}
