{"version":4,"terraform_version":"1.10.0","serial":5,"lineage":"6111b129-a3f7-b9f4-4898-eb6c5981ccaa","outputs":{},"resources":[{"mode":"managed","type":"apisix_global_rule","name":"basic","provider":"provider[\"registry.opentofu.org/scicore/apisix\"]","instances":[{"schema_version":0,"attributes":{"id":"test-gr-basic","plugins":{"limit-count":"{\"count\":1000,\"rejected_code\":429,\"time_window\":60}"},"rule_id":"test-gr-basic"},"sensitive_attributes":[],"private":"bnVsbA=="}]},{"mode":"managed","type":"apisix_global_rule","name":"ip_restriction","provider":"provider[\"registry.opentofu.org/scicore/apisix\"]","instances":[{"schema_version":0,"attributes":{"id":"test-gr-ip","plugins":{"ip-restriction":"{\"blacklist\":[\"127.0.0.1\"]}"},"rule_id":"test-gr-ip"},"sensitive_attributes":[],"private":"bnVsbA=="}]},{"mode":"managed","type":"apisix_global_rule","name":"multi_plugins","provider":"provider[\"registry.opentofu.org/scicore/apisix\"]","instances":[{"schema_version":0,"attributes":{"id":"test-gr-multi","plugins":{"cors":"{\"allow_methods\":\"*\",\"allow_origins\":\"*\"}","limit-count":"{\"count\":500,\"rejected_code\":503,\"time_window\":60}"},"rule_id":"test-gr-multi"},"sensitive_attributes":[],"private":"bnVsbA=="}]},{"mode":"managed","type":"apisix_global_rule","name":"route_integration","provider":"provider[\"registry.opentofu.org/scicore/apisix\"]","instances":[{"schema_version":0,"attributes":{"id":"test-gr-route","plugins":{"limit-count":"{\"count\":100,\"rejected_code\":429,\"time_window\":60}"},"rule_id":"test-gr-route"},"sensitive_attributes":[],"private":"bnVsbA=="}]},{"mode":"managed","type":"apisix_route","name":"with_global_rule","provider":"provider[\"registry.opentofu.org/scicore/apisix\"]","instances":[{"schema_version":0,"attributes":{"desc":"","enable_websocket":false,"filter_func":"","host":"","hosts":null,"id":"test-route-with-gr","labels":{},"methods":null,"name":"test-route-with-gr","plugin_config_id":"","plugins":null,"priority":0,"remote_addr":"","remote_addrs":null,"script":null,"service_id":"","status":1,"timeout":[],"upstream":[],"upstream_id":"test-gr-upstream","uri":"/gr-test/*","uris":null,"vars":null},"sensitive_attributes":[],"private":"bnVsbA==","dependencies":["apisix_upstream.test"]}]},{"mode":"managed","type":"apisix_upstream","name":"test","provider":"provider[\"registry.opentofu.org/scicore/apisix\"]","instances":[{"schema_version":0,"attributes":{"desc":"","discovery_args":null,"discovery_type":"","hash_on":"vars","health_check":null,"id":"test-gr-upstream","keepalive_pool":[],"key":"","labels":{},"name":"test-gr-upstream","nodes":[{"host":"127.0.0.1","metadata":null,"port":8080,"priority":0,"weight":100}],"pass_host":"pass","retries":0,"retry_timeout":0,"scheme":"http","service_name":"","timeout":[],"tls":[],"type":"roundrobin","upstream_host":""},"sensitive_attributes":[],"private":"bnVsbA=="}]}],"check_results":null}
